// !$*UTF8*$!
{
	archiveVersion = 1;
	classes = {
	};
	objectVersion = 46;
	objects = {

/* Begin PBXBuildFile section */
		F43B84D81F3F09B000583184 /* DisplayLinkCell.swift in Sources */ = {isa = PBXBuildFile; fileRef = F43B84D71F3F09B000583184 /* DisplayLinkCell.swift */; };
		F4F9C27F1F385EE4002EC020 /* AppDelegate.swift in Sources */ = {isa = PBXBuildFile; fileRef = F4F9C27E1F385EE4002EC020 /* AppDelegate.swift */; };
		F4F9C2811F385EE4002EC020 /* ViewController.swift in Sources */ = {isa = PBXBuildFile; fileRef = F4F9C2801F385EE4002EC020 /* ViewController.swift */; };
		F4F9C2841F385EE4002EC020 /* Main.storyboard in Resources */ = {isa = PBXBuildFile; fileRef = F4F9C2821F385EE4002EC020 /* Main.storyboard */; };
		F4F9C2861F385EE4002EC020 /* Assets.xcassets in Resources */ = {isa = PBXBuildFile; fileRef = F4F9C2851F385EE4002EC020 /* Assets.xcassets */; };
		F4F9C2891F385EE4002EC020 /* LaunchScreen.storyboard in Resources */ = {isa = PBXBuildFile; fileRef = F4F9C2871F385EE4002EC020 /* LaunchScreen.storyboard */; };
		F4F9C2911F38615F002EC020 /* FirstTableViewCell.swift in Sources */ = {isa = PBXBuildFile; fileRef = F4F9C2901F38615F002EC020 /* FirstTableViewCell.swift */; };
		F4F9C2931F3861A5002EC020 /* SecondTableViewCell.swift in Sources */ = {isa = PBXBuildFile; fileRef = F4F9C2921F3861A5002EC020 /* SecondTableViewCell.swift */; };
		F4F9C2951F395C8D002EC020 /* ThirdTableViewCell.swift in Sources */ = {isa = PBXBuildFile; fileRef = F4F9C2941F395C8D002EC020 /* ThirdTableViewCell.swift */; };
		F4F9C2971F39625A002EC020 /* ForthTableViewCell.swift in Sources */ = {isa = PBXBuildFile; fileRef = F4F9C2961F39625A002EC020 /* ForthTableViewCell.swift */; };
/* End PBXBuildFile section */

/* Begin PBXFileReference section */
		F43B84D71F3F09B000583184 /* DisplayLinkCell.swift */ = {isa = PBXFileReference; fileEncoding = 4; lastKnownFileType = sourcecode.swift; path = DisplayLinkCell.swift; sourceTree = "<group>"; };
		F4F9C27B1F385EE4002EC020 /* NSTimerWithRunLoop.app */ = {isa = PBXFileReference; explicitFileType = wrapper.application; includeInIndex = 0; path = NSTimerWithRunLoop.app; sourceTree = BUILT_PRODUCTS_DIR; };
		F4F9C27E1F385EE4002EC020 /* AppDelegate.swift */ = {isa = PBXFileReference; lastKnownFileType = sourcecode.swift; path = AppDelegate.swift; sourceTree = "<group>"; };
		F4F9C2801F385EE4002EC020 /* ViewController.swift */ = {isa = PBXFileReference; lastKnownFileType = sourcecode.swift; path = ViewController.swift; sourceTree = "<group>"; };
		F4F9C2831F385EE4002EC020 /* Base */ = {isa = PBXFileReference; lastKnownFileType = file.storyboard; name = Base; path = Base.lproj/Main.storyboard; sourceTree = "<group>"; };
		F4F9C2851F385EE4002EC020 /* Assets.xcassets */ = {isa = PBXFileReference; lastKnownFileType = folder.assetcatalog; path = Assets.xcassets; sourceTree = "<group>"; };
		F4F9C2881F385EE4002EC020 /* Base */ = {isa = PBXFileReference; lastKnownFileType = file.storyboard; name = Base; path = Base.lproj/LaunchScreen.storyboard; sourceTree = "<group>"; };
		F4F9C28A1F385EE4002EC020 /* Info.plist */ = {isa = PBXFileReference; lastKnownFileType = text.plist.xml; path = Info.plist; sourceTree = "<group>"; };
		F4F9C2901F38615F002EC020 /* FirstTableViewCell.swift */ = {isa = PBXFileReference; fileEncoding = 4; lastKnownFileType = sourcecode.swift; path = FirstTableViewCell.swift; sourceTree = "<group>"; };
		F4F9C2921F3861A5002EC020 /* SecondTableViewCell.swift */ = {isa = PBXFileReference; fileEncoding = 4; lastKnownFileType = sourcecode.swift; path = SecondTableViewCell.swift; sourceTree = "<group>"; };
		F4F9C2941F395C8D002EC020 /* ThirdTableViewCell.swift */ = {isa = PBXFileReference; fileEncoding = 4; lastKnownFileType = sourcecode.swift; path = ThirdTableViewCell.swift; sourceTree = "<group>"; };
		F4F9C2961F39625A002EC020 /* ForthTableViewCell.swift */ = {isa = PBXFileReference; fileEncoding = 4; lastKnownFileType = sourcecode.swift; path = ForthTableViewCell.swift; sourceTree = "<group>"; };
/* End PBXFileReference section */

/* Begin PBXFrameworksBuildPhase section */
		F4F9C2781F385EE4002EC020 /* Frameworks */ = {
			isa = PBXFrameworksBuildPhase;
			buildActionMask = 2147483647;
			files = (
			);
			runOnlyForDeploymentPostprocessing = 0;
		};
/* End PBXFrameworksBuildPhase section */

/* Begin PBXGroup section */
		F4F9C2721F385EE4002EC020 = {
			isa = PBXGroup;
			children = (
				F4F9C27D1F385EE4002EC020 /* NSTimerWithRunLoop */,
				F4F9C27C1F385EE4002EC020 /* Products */,
			);
			sourceTree = "<group>";
		};
		F4F9C27C1F385EE4002EC020 /* Products */ = {
			isa = PBXGroup;
			children = (
				F4F9C27B1F385EE4002EC020 /* NSTimerWithRunLoop.app */,
			);
			name = Products;
			sourceTree = "<group>";
		};
		F4F9C27D1F385EE4002EC020 /* NSTimerWithRunLoop */ = {
			isa = PBXGroup;
			children = (
				F4F9C27E1F385EE4002EC020 /* AppDelegate.swift */,
				F4F9C2801F385EE4002EC020 /* ViewController.swift */,
				F4F9C2901F38615F002EC020 /* FirstTableViewCell.swift */,
				F4F9C2921F3861A5002EC020 /* SecondTableViewCell.swift */,
				F4F9C2941F395C8D002EC020 /* ThirdTableViewCell.swift */,
				F4F9C2961F39625A002EC020 /* ForthTableViewCell.swift */,
				F43B84D71F3F09B000583184 /* DisplayLinkCell.swift */,
				F4F9C2821F385EE4002EC020 /* Main.storyboard */,
				F4F9C2851F385EE4002EC020 /* Assets.xcassets */,
				F4F9C2871F385EE4002EC020 /* LaunchScreen.storyboard */,
				F4F9C28A1F385EE4002EC020 /* Info.plist */,
			);
			path = NSTimerWithRunLoop;
			sourceTree = "<group>";
		};
/* End PBXGroup section */

/* Begin PBXNativeTarget section */
		F4F9C27A1F385EE4002EC020 /* NSTimerWithRunLoop */ = {
			isa = PBXNativeTarget;
			buildConfigurationList = F4F9C28D1F385EE4002EC020 /* Build configuration list for PBXNativeTarget "NSTimerWithRunLoop" */;
			buildPhases = (
				F4F9C2771F385EE4002EC020 /* Sources */,
				F4F9C2781F385EE4002EC020 /* Frameworks */,
				F4F9C2791F385EE4002EC020 /* Resources */,
			);
			buildRules = (
			);
			dependencies = (
			);
			name = NSTimerWithRunLoop;
			productName = NSTimerWithRunLoop;
			productReference = F4F9C27B1F385EE4002EC020 /* NSTimerWithRunLoop.app */;
			productType = "com.apple.product-type.application";
		};
/* End PBXNativeTarget section */

/* Begin PBXProject section */
		F4F9C2731F385EE4002EC020 /* Project object */ = {
			isa = PBXProject;
			attributes = {
				LastSwiftUpdateCheck = 0830;
				LastUpgradeCheck = 0830;
				ORGANIZATIONNAME = ZeluLi;
				TargetAttributes = {
					F4F9C27A1F385EE4002EC020 = {
						CreatedOnToolsVersion = 8.3.3;
						DevelopmentTeam = AWN3A347S4;
						ProvisioningStyle = Automatic;
					};
				};
			};
			buildConfigurationList = F4F9C2761F385EE4002EC020 /* Build configuration list for PBXProject "NSTimerWithRunLoop" */;
			compatibilityVersion = "Xcode 3.2";
			developmentRegion = English;
			hasScannedForEncodings = 0;
			knownRegions = (
				en,
				Base,
			);
			mainGroup = F4F9C2721F385EE4002EC020;
			productRefGroup = F4F9C27C1F385EE4002EC020 /* Products */;
			projectDirPath = "";
			projectRoot = "";
			targets = (
				F4F9C27A1F385EE4002EC020 /* NSTimerWithRunLoop */,
			);
		};
/* End PBXProject section */

/* Begin PBXResourcesBuildPhase section */
		F4F9C2791F385EE4002EC020 /* Resources */ = {
			isa = PBXResourcesBuildPhase;
			buildActionMask = 2147483647;
			files = (
				F4F9C2891F385EE4002EC020 /* LaunchScreen.storyboard in Resources */,
				F4F9C2861F385EE4002EC020 /* Assets.xcassets in Resources */,
				F4F9C2841F385EE4002EC020 /* Main.storyboard in Resources */,
			);
			runOnlyForDeploymentPostprocessing = 0;
		};
/* End PBXResourcesBuildPhase section */

/* Begin PBXSourcesBuildPhase section */
		F4F9C2771F385EE4002EC020 /* Sources */ = {
			isa = PBXSourcesBuildPhase;
			buildActionMask = 2147483647;
			files = (
				F4F9C2911F38615F002EC020 /* FirstTableViewCell.swift in Sources */,
				F43B84D81F3F09B000583184 /* DisplayLinkCell.swift in Sources */,
				F4F9C2811F385EE4002EC020 /* ViewController.swift in Sources */,
				F4F9C2951F395C8D002EC020 /* ThirdTableViewCell.swift in Sources */,
				F4F9C27F1F385EE4002EC020 /* AppDelegate.swift in Sources */,
				F4F9C2931F3861A5002EC020 /* SecondTableViewCell.swift in Sources */,
				F4F9C2971F39625A002EC020 /* ForthTableViewCell.swift in Sources */,
			);
			runOnlyForDeploymentPostprocessing = 0;
		};
/* End PBXSourcesBuildPhase section */

/* Begin PBXVariantGroup section */
		F4F9C2821F385EE4002EC020 /* Main.storyboard */ = {
			isa = PBXVariantGroup;
			children = (
				F4F9C2831F385EE4002EC020 /* Base */,
			);
			name = Main.storyboard;
			sourceTree = "<group>";
		};
		F4F9C2871F385EE4002EC020 /* LaunchScreen.storyboard */ = {
			isa = PBXVariantGroup;
			children = (
				F4F9C2881F385EE4002EC020 /* Base */,
			);
			name = LaunchScreen.storyboard;
			sourceTree = "<group>";
		};
/* End PBXVariantGroup section */

/* Begin XCBuildConfiguration section */
		F4F9C28B1F385EE4002EC020 /* Debug */ = {
			isa = XCBuildConfiguration;
			buildSettings = {
				ALWAYS_SEARCH_USER_PATHS = NO;
				CLANG_ANALYZER_NONNULL = YES;
				CLANG_ANALYZER_NUMBER_OBJECT_CONVERSION = YES_AGGRESSIVE;
				CLANG_CXX_LANGUAGE_STANDARD = "gnu++0x";
				CLANG_CXX_LIBRARY = "libc++";
				CLANG_ENABLE_MODULES = YES;
				CLANG_ENABLE_OBJC_ARC = YES;
				CLANG_WARN_BOOL_CONVERSION = YES;
				CLANG_WARN_CONSTANT_CONVERSION = YES;
				CLANG_WARN_DIRECT_OBJC_ISA_USAGE = YES_ERROR;
				CLANG_WARN_DOCUMENTATION_COMMENTS = YES;
				CLANG_WARN_EMPTY_BODY = YES;
				CLANG_WARN_ENUM_CONVERSION = YES;
				CLANG_WARN_INFINITE_RECURSION = YES;
				CLANG_WARN_INT_CONVERSION = YES;
				CLANG_WARN_OBJC_ROOT_CLASS = YES_ERROR;
				CLANG_WARN_SUSPICIOUS_MOVE = YES;
				CLANG_WARN_UNREACHABLE_CODE = YES;
				CLANG_WARN__DUPLICATE_METHOD_MATCH = YES;
				"CODE_SIGN_IDENTITY[sdk=iphoneos*]" = "iPhone Developer";
				COPY_PHASE_STRIP = NO;
				DEBUG_INFORMATION_FORMAT = dwarf;
				ENABLE_STRICT_OBJC_MSGSEND = YES;
				ENABLE_TESTABILITY = YES;
				GCC_C_LANGUAGE_STANDARD = gnu99;
				GCC_DYNAMIC_NO_PIC = NO;
				GCC_NO_COMMON_BLOCKS = YES;
				GCC_OPTIMIZATION_LEVEL = 0;
				GCC_PREPROCESSOR_DEFINITIONS = (
					"DEBUG=1",
					"$(inherited)",
				);
				GCC_WARN_64_TO_32_BIT_CONVERSION = YES;
				GCC_WARN_ABOUT_RETURN_TYPE = YES_ERROR;
				GCC_WARN_UNDECLARED_SELECTOR = YES;
				GCC_WARN_UNINITIALIZED_AUTOS = YES_AGGRESSIVE;
				GCC_WARN_UNUSED_FUNCTION = YES;
				GCC_WARN_UNUSED_VARIABLE = YES;
				IPHONEOS_DEPLOYMENT_TARGET = 10.3;
				MTL_ENABLE_DEBUG_INFO = YES;
				ONLY_ACTIVE_ARCH = YES;
				SDKROOT = iphoneos;
				SWIFT_ACTIVE_COMPILATION_CONDITIONS = DEBUG;
				SWIFT_OPTIMIZATION_LEVEL = "-Onone";
			};
			name = Debug;
		};
		F4F9C28C1F385EE4002EC020 /* Release */ = {
			isa = XCBuildConfiguration;
			buildSettings = {
				ALWAYS_SEARCH_USER_PATHS = NO;
				CLANG_ANALYZER_NONNULL = YES;
				CLANG_ANALYZER_NUMBER_OBJECT_CONVERSION = YES_AGGRESSIVE;
				CLANG_CXX_LANGUAGE_STANDARD = "gnu++0x";
				CLANG_CXX_LIBRARY = "libc++";
				CLANG_ENABLE_MODULES = YES;
				CLANG_ENABLE_OBJC_ARC = YES;
				CLANG_WARN_BOOL_CONVERSION = YES;
				CLANG_WARN_CONSTANT_CONVERSION = YES;
				CLANG_WARN_DIRECT_OBJC_ISA_USAGE = YES_ERROR;
				CLANG_WARN_DOCUMENTATION_COMMENTS = YES;
				CLANG_WARN_EMPTY_BODY = YES;
				CLANG_WARN_ENUM_CONVERSION = YES;
				CLANG_WARN_INFINITE_RECURSION = YES;
				CLANG_WARN_INT_CONVERSION = YES;
				CLANG_WARN_OBJC_ROOT_CLASS = YES_ERROR;
				CLANG_WARN_SUSPICIOUS_MOVE = YES;
				CLANG_WARN_UNREACHABLE_CODE = YES;
				CLANG_WARN__DUPLICATE_METHOD_MATCH = YES;
				"CODE_SIGN_IDENTITY[sdk=iphoneos*]" = "iPhone Developer";
				COPY_PHASE_STRIP = NO;
				DEBUG_INFORMATION_FORMAT = "dwarf-with-dsym";
				ENABLE_NS_ASSERTIONS = NO;
				ENABLE_STRICT_OBJC_MSGSEND = YES;
				GCC_C_LANGUAGE_STANDARD = gnu99;
				GCC_NO_COMMON_BLOCKS = YES;
				GCC_WARN_64_TO_32_BIT_CONVERSION = YES;
				GCC_WARN_ABOUT_RETURN_TYPE = YES_ERROR;
				GCC_WARN_UNDECLARED_SELECTOR = YES;
				GCC_WARN_UNINITIALIZED_AUTOS = YES_AGGRESSIVE;
				GCC_WARN_UNUSED_FUNCTION = YES;
				GCC_WARN_UNUSED_VARIABLE = YES;
				IPHONEOS_DEPLOYMENT_TARGET = 10.3;
				MTL_ENABLE_DEBUG_INFO = NO;
				SDKROOT = iphoneos;
				SWIFT_OPTIMIZATION_LEVEL = "-Owholemodule";
				VALIDATE_PRODUCT = YES;
			};
			name = Release;
		};
		F4F9C28E1F385EE4002EC020 /* Debug */ = {
			isa = XCBuildConfiguration;
			buildSettings = {
				ASSETCATALOG_COMPILER_APPICON_NAME = AppIcon;
				DEVELOPMENT_TEAM = AWN3A347S4;
				INFOPLIST_FILE = NSTimerWithRunLoop/Info.plist;
				LD_RUNPATH_SEARCH_PATHS = "$(inherited) @executable_path/Frameworks";
				PRODUCT_BUNDLE_IDENTIFIER = ZeluLi.NSTimerWithRunLoop;
				PRODUCT_NAME = "$(TARGET_NAME)";
				SWIFT_VERSION = 3.0;
			};
			name = Debug;
		};
		F4F9C28F1F385EE4002EC020 /* Release */ = {
			isa = XCBuildConfiguration;
			buildSettings = {
				ASSETCATALOG_COMPILER_APPICON_NAME = AppIcon;
				DEVELOPMENT_TEAM = AWN3A347S4;
				INFOPLIST_FILE = NSTimerWithRunLoop/Info.plist;
				LD_RUNPATH_SEARCH_PATHS = "$(inherited) @executable_path/Frameworks";
				PRODUCT_BUNDLE_IDENTIFIER = ZeluLi.NSTimerWithRunLoop;
				PRODUCT_NAME = "$(TARGET_NAME)";
				SWIFT_VERSION = 3.0;
			};
			name = Release;
		};
/* End XCBuildConfiguration section */

/* Begin XCConfigurationList section */
		F4F9C2761F385EE4002EC020 /* Build configuration list for PBXProject "NSTimerWithRunLoop" */ = {
			isa = XCConfigurationList;
			buildConfigurations = (
				F4F9C28B1F385EE4002EC020 /* Debug */,
				F4F9C28C1F385EE4002EC020 /* Release */,
			);
			defaultConfigurationIsVisible = 0;
			defaultConfigurationName = Release;
		};
		F4F9C28D1F385EE4002EC020 /* Build configuration list for PBXNativeTarget "NSTimerWithRunLoop" */ = {
			isa = XCConfigurationList;
			buildConfigurations = (
				F4F9C28E1F385EE4002EC020 /* Debug */,
				F4F9C28F1F385EE4002EC020 /* Release */,
			);
			defaultConfigurationIsVisible = 0;
			defaultConfigurationName = Release;
		};
/* End XCConfigurationList section */
	};
	rootObject = F4F9C2731F385EE4002EC020 /* Project object */;
}
